
Microsoft Visual Studio Solution File, Format Version 12.00
# Visual Studio Version 17
VisualStudioVersion = 17.2.32519.379
MinimumVisualStudioVersion = 10.0.40219.1
Project("{8BC9CEB8-8B4A-11D0-8D11-00A0C91BC942}") = "signal_work", "signal_work.vcxproj", "{5FD81025-762B-48FF-9D86-38F58405E930}"
EndProject
Global
	GlobalSection(SolutionConfigurationPlatforms) = preSolution
		Debug|x64 = Debug|x64
		Debug|x86 = Debug|x86
		Release|x64 = Release|x64
		Release|x86 = Release|x86
	EndGlobalSection
	GlobalSection(ProjectConfigurationPlatforms) = postSolution
		{5FD81025-762B-48FF-9D86-38F58405E930}.Debug|x64.ActiveCfg = Debug|x64
		{5FD81025-762B-48FF-9D86-38F58405E930}.Debug|x64.Build.0 = Debug|x64
		{5FD81025-762B-48FF-9D86-38F58405E930}.Debug|x86.ActiveCfg = Debug|Win32
		{5FD81025-762B-48FF-9D86-38F58405E930}.Debug|x86.Build.0 = Debug|Win32
		{5FD81025-762B-48FF-9D86-38F58405E930}.Release|x64.ActiveCfg = Release|x64
		{5FD81025-762B-48FF-9D86-38F58405E930}.Release|x64.Build.0 = Release|x64
		{5FD81025-762B-48FF-9D86-38F58405E930}.Release|x86.ActiveCfg = Release|Win32
		{5FD81025-762B-48FF-9D86-38F58405E930}.Release|x86.Build.0 = Release|Win32
	EndGlobalSection
	GlobalSection(SolutionProperties) = preSolution
		HideSolutionNode = FALSE
	EndGlobalSection
	GlobalSection(ExtensibilityGlobals) = postSolution
		SolutionGuid = {FA70775B-75D2-471D-8A3C-60C55A7E3988}
	EndGlobalSection
EndGlobal
